
Microsoft Visual Studio Solution File, Format Version 12.00
# Visual Studio Version 16
VisualStudioVersion = 16.0.31515.178
MinimumVisualStudioVersion = 10.0.40219.1
Project("{9A19103F-16F7-4668-BE54-9A1E7A4F7556}") = "IgorTextFormatter", "IgorTextFormatter\IgorTextFormatter.csproj", "{3AC11A3F-0A58-46B9-B298-620517A0D91C}"
EndProject
Project("{2150E333-8FDC-42A3-9474-1A3956D46DE8}") = "Solution Items", "Solution Items", "{EF476D96-9798-4082-9AF2-07AF0E11BAA1}"
	ProjectSection(SolutionItems) = preProject
		README.md = README.md
	EndProjectSection
EndProject
Project("{9A19103F-16F7-4668-BE54-9A1E7A4F7556}") = "IgorTextFormatter.Test", "IgorDataFormatter.Test\IgorTextFormatter.Test.csproj", "{E7AB198E-E90A-4787-8B2F-E1A24303C264}"
EndProject
Global
	GlobalSection(SolutionConfigurationPlatforms) = preSolution
		Debug|Any CPU = Debug|Any CPU
		Release|Any CPU = Release|Any CPU
	EndGlobalSection
	GlobalSection(ProjectConfigurationPlatforms) = postSolution
		{3AC11A3F-0A58-46B9-B298-620517A0D91C}.Debug|Any CPU.ActiveCfg = Debug|Any CPU
		{3AC11A3F-0A58-46B9-B298-620517A0D91C}.Debug|Any CPU.Build.0 = Debug|Any CPU
		{3AC11A3F-0A58-46B9-B298-620517A0D91C}.Release|Any CPU.ActiveCfg = Release|Any CPU
		{3AC11A3F-0A58-46B9-B298-620517A0D91C}.Release|Any CPU.Build.0 = Release|Any CPU
		{E7AB198E-E90A-4787-8B2F-E1A24303C264}.Debug|Any CPU.ActiveCfg = Debug|Any CPU
		{E7AB198E-E90A-4787-8B2F-E1A24303C264}.Debug|Any CPU.Build.0 = Debug|Any CPU
		{E7AB198E-E90A-4787-8B2F-E1A24303C264}.Release|Any CPU.ActiveCfg = Release|Any CPU
		{E7AB198E-E90A-4787-8B2F-E1A24303C264}.Release|Any CPU.Build.0 = Release|Any CPU
	EndGlobalSection
	GlobalSection(SolutionProperties) = preSolution
		HideSolutionNode = FALSE
	EndGlobalSection
	GlobalSection(ExtensibilityGlobals) = postSolution
		SolutionGuid = {161DEF13-8455-41A0-AD65-2AF3D6BAAC6C}
	EndGlobalSection
EndGlobal
